// !$*UTF8*$!
{
	archiveVersion = 1;
	classes = {
	};
	objectVersion = 56;
	objects = {

/* Begin PBXBuildFile section */
		AF1E75AC2DB901EC00854A39 /* LoginView.swift in Sources */ = {isa = PBXBuildFile; fileRef = AF1E75AB2DB901EC00854A39 /* LoginView.swift */; };
		AF1E75AF2DB904FD00854A39 /* Constants.swift in Sources */ = {isa = PBXBuildFile; fileRef = AF1E75AE2DB904FD00854A39 /* Constants.swift */; };
		AF1E75B12DB906DD00854A39 /* TextField.swift in Sources */ = {isa = PBXBuildFile; fileRef = AF1E75B02DB906DD00854A39 /* TextField.swift */; };
		AF323EFB2DB91B91003BD191 /* NetworkServiceProvider.swift in Sources */ = {isa = PBXBuildFile; fileRef = AF323EFA2DB91B91003BD191 /* NetworkServiceProvider.swift */; };
		AF323EFD2DB93B67003BD191 /* CreateAccount.swift in Sources */ = {isa = PBXBuildFile; fileRef = AF323EFC2DB93B67003BD191 /* CreateAccount.swift */; };
		AF323EFF2DB9458D003BD191 /* Delimiter.swift in Sources */ = {isa = PBXBuildFile; fileRef = AF323EFE2DB9458D003BD191 /* Delimiter.swift */; };
		AF50BC912DB8050200512A01 /* AppDelegate.swift in Sources */ = {isa = PBXBuildFile; fileRef = AF50BC902DB8050200512A01 /* AppDelegate.swift */; };
		AF50BC932DB8050200512A01 /* SceneDelegate.swift in Sources */ = {isa = PBXBuildFile; fileRef = AF50BC922DB8050200512A01 /* SceneDelegate.swift */; };
		AF50BC952DB8050200512A01 /* ViewController.swift in Sources */ = {isa = PBXBuildFile; fileRef = AF50BC942DB8050200512A01 /* ViewController.swift */; };
		AF50BC9B2DB8050200512A01 /* Habify.xcdatamodeld in Sources */ = {isa = PBXBuildFile; fileRef = AF50BC992DB8050200512A01 /* Habify.xcdatamodeld */; };
		AF50BC9D2DB8050500512A01 /* Assets.xcassets in Resources */ = {isa = PBXBuildFile; fileRef = AF50BC9C2DB8050500512A01 /* Assets.xcassets */; };
		AF50BCA02DB8050500512A01 /* LaunchScreen.storyboard in Resources */ = {isa = PBXBuildFile; fileRef = AF50BC9E2DB8050500512A01 /* LaunchScreen.storyboard */; };
		AF50BCAB2DB80E0200512A01 /* Presenter.swift in Sources */ = {isa = PBXBuildFile; fileRef = AF50BCAA2DB80E0200512A01 /* Presenter.swift */; };
		AF50BCAD2DB80E3500512A01 /* UserModel.swift in Sources */ = {isa = PBXBuildFile; fileRef = AF50BCAC2DB80E3500512A01 /* UserModel.swift */; };
		AF50BCB02DB8106E00512A01 /* Introduction.swift in Sources */ = {isa = PBXBuildFile; fileRef = AF50BCAF2DB8106D00512A01 /* Introduction.swift */; };
		AF50BCB32DB811C700512A01 /* LoginRegistrationButton.swift in Sources */ = {isa = PBXBuildFile; fileRef = AF50BCB22DB811C700512A01 /* LoginRegistrationButton.swift */; };
		AF70FAD72DBA0F1D00D91D0E /* GoogleService-Info.plist in Resources */ = {isa = PBXBuildFile; fileRef = AF70FAD62DBA0F1D00D91D0E /* GoogleService-Info.plist */; };
		AF70FADA2DBA104900D91D0E /* FirebaseAnalytics in Frameworks */ = {isa = PBXBuildFile; productRef = AF70FAD92DBA104900D91D0E /* FirebaseAnalytics */; };
		AF70FADC2DBA104900D91D0E /* FirebaseAnalyticsSwift in Frameworks */ = {isa = PBXBuildFile; productRef = AF70FADB2DBA104900D91D0E /* FirebaseAnalyticsSwift */; };
/* End PBXBuildFile section */

/* Begin PBXFileReference section */
		AF1E75AB2DB901EC00854A39 /* LoginView.swift */ = {isa = PBXFileReference; lastKnownFileType = sourcecode.swift; path = LoginView.swift; sourceTree = "<group>"; };
		AF1E75AE2DB904FD00854A39 /* Constants.swift */ = {isa = PBXFileReference; lastKnownFileType = sourcecode.swift; path = Constants.swift; sourceTree = "<group>"; };
		AF1E75B02DB906DD00854A39 /* TextField.swift */ = {isa = PBXFileReference; lastKnownFileType = sourcecode.swift; path = TextField.swift; sourceTree = "<group>"; };
		AF323EFA2DB91B91003BD191 /* NetworkServiceProvider.swift */ = {isa = PBXFileReference; lastKnownFileType = sourcecode.swift; path = NetworkServiceProvider.swift; sourceTree = "<group>"; };
		AF323EFC2DB93B67003BD191 /* CreateAccount.swift */ = {isa = PBXFileReference; lastKnownFileType = sourcecode.swift; path = CreateAccount.swift; sourceTree = "<group>"; };
		AF323EFE2DB9458D003BD191 /* Delimiter.swift */ = {isa = PBXFileReference; lastKnownFileType = sourcecode.swift; path = Delimiter.swift; sourceTree = "<group>"; };
		AF50BC8D2DB8050200512A01 /* Habify.app */ = {isa = PBXFileReference; explicitFileType = wrapper.application; includeInIndex = 0; path = Habify.app; sourceTree = BUILT_PRODUCTS_DIR; };
		AF50BC902DB8050200512A01 /* AppDelegate.swift */ = {isa = PBXFileReference; lastKnownFileType = sourcecode.swift; path = AppDelegate.swift; sourceTree = "<group>"; };
		AF50BC922DB8050200512A01 /* SceneDelegate.swift */ = {isa = PBXFileReference; lastKnownFileType = sourcecode.swift; path = SceneDelegate.swift; sourceTree = "<group>"; };
		AF50BC942DB8050200512A01 /* ViewController.swift */ = {isa = PBXFileReference; lastKnownFileType = sourcecode.swift; path = ViewController.swift; sourceTree = "<group>"; };
		AF50BC9A2DB8050200512A01 /* Habify.xcdatamodel */ = {isa = PBXFileReference; lastKnownFileType = wrapper.xcdatamodel; path = Habify.xcdatamodel; sourceTree = "<group>"; };
		AF50BC9C2DB8050500512A01 /* Assets.xcassets */ = {isa = PBXFileReference; lastKnownFileType = folder.assetcatalog; path = Assets.xcassets; sourceTree = "<group>"; };
		AF50BC9F2DB8050500512A01 /* Base */ = {isa = PBXFileReference; lastKnownFileType = file.storyboard; name = Base; path = Base.lproj/LaunchScreen.storyboard; sourceTree = "<group>"; };
		AF50BCA12DB8050500512A01 /* Info.plist */ = {isa = PBXFileReference; lastKnownFileType = text.plist.xml; path = Info.plist; sourceTree = "<group>"; };
		AF50BCAA2DB80E0200512A01 /* Presenter.swift */ = {isa = PBXFileReference; lastKnownFileType = sourcecode.swift; path = Presenter.swift; sourceTree = "<group>"; };
		AF50BCAC2DB80E3500512A01 /* UserModel.swift */ = {isa = PBXFileReference; lastKnownFileType = sourcecode.swift; path = UserModel.swift; sourceTree = "<group>"; };
		AF50BCAF2DB8106D00512A01 /* Introduction.swift */ = {isa = PBXFileReference; lastKnownFileType = sourcecode.swift; path = Introduction.swift; sourceTree = "<group>"; };
		AF50BCB22DB811C700512A01 /* LoginRegistrationButton.swift */ = {isa = PBXFileReference; lastKnownFileType = sourcecode.swift; path = LoginRegistrationButton.swift; sourceTree = "<group>"; };
		AF70FAD62DBA0F1D00D91D0E /* GoogleService-Info.plist */ = {isa = PBXFileReference; fileEncoding = 4; lastKnownFileType = text.plist.xml; path = "GoogleService-Info.plist"; sourceTree = "<group>"; };
/* End PBXFileReference section */

/* Begin PBXFrameworksBuildPhase section */
		AF50BC8A2DB8050200512A01 /* Frameworks */ = {
			isa = PBXFrameworksBuildPhase;
			buildActionMask = 2147483647;
			files = (
				AF70FADC2DBA104900D91D0E /* FirebaseAnalyticsSwift in Frameworks */,
				AF70FADA2DBA104900D91D0E /* FirebaseAnalytics in Frameworks */,
			);
			runOnlyForDeploymentPostprocessing = 0;
		};
/* End PBXFrameworksBuildPhase section */

/* Begin PBXGroup section */
		AF1E75A92DB8FFD100854A39 /* LoginView */ = {
			isa = PBXGroup;
			children = (
				AF1E75AB2DB901EC00854A39 /* LoginView.swift */,
			);
			path = LoginView;
			sourceTree = "<group>";
		};
		AF1E75AA2DB8FFD900854A39 /* RegistrationView */ = {
			isa = PBXGroup;
			children = (
				AF323EFC2DB93B67003BD191 /* CreateAccount.swift */,
			);
			path = RegistrationView;
			sourceTree = "<group>";
		};
		AF1E75AD2DB904F300854A39 /* Constants */ = {
			isa = PBXGroup;
			children = (
				AF1E75AE2DB904FD00854A39 /* Constants.swift */,
			);
			path = Constants;
			sourceTree = "<group>";
		};
		AF323EF92DB91B84003BD191 /* Network */ = {
			isa = PBXGroup;
			children = (
				AF323EFA2DB91B91003BD191 /* NetworkServiceProvider.swift */,
			);
			path = Network;
			sourceTree = "<group>";
		};
		AF50BC842DB8050200512A01 = {
			isa = PBXGroup;
			children = (
				AF50BC8F2DB8050200512A01 /* Habify */,
				AF50BC8E2DB8050200512A01 /* Products */,
			);
			sourceTree = "<group>";
		};
		AF50BC8E2DB8050200512A01 /* Products */ = {
			isa = PBXGroup;
			children = (
				AF50BC8D2DB8050200512A01 /* Habify.app */,
			);
			name = Products;
			sourceTree = "<group>";
		};
		AF50BC8F2DB8050200512A01 /* Habify */ = {
			isa = PBXGroup;
			children = (
				AF323EF92DB91B84003BD191 /* Network */,
				AF1E75AD2DB904F300854A39 /* Constants */,
				AF50BCB12DB8119A00512A01 /* ReusableComponents */,
				AF50BCA92DB80DEB00512A01 /* Models */,
				AF50BCA82DB80DE300512A01 /* Views */,
				AF50BCA72DB80DD900512A01 /* Presenter */,
				AF50BC902DB8050200512A01 /* AppDelegate.swift */,
				AF50BC922DB8050200512A01 /* SceneDelegate.swift */,
				AF50BC942DB8050200512A01 /* ViewController.swift */,
				AF50BC9C2DB8050500512A01 /* Assets.xcassets */,
				AF70FAD62DBA0F1D00D91D0E /* GoogleService-Info.plist */,
				AF50BC9E2DB8050500512A01 /* LaunchScreen.storyboard */,
				AF50BCA12DB8050500512A01 /* Info.plist */,
				AF50BC992DB8050200512A01 /* Habify.xcdatamodeld */,
			);
			path = Habify;
			sourceTree = "<group>";
		};
		AF50BCA72DB80DD900512A01 /* Presenter */ = {
			isa = PBXGroup;
			children = (
				AF50BCAA2DB80E0200512A01 /* Presenter.swift */,
			);
			path = Presenter;
			sourceTree = "<group>";
		};
		AF50BCA82DB80DE300512A01 /* Views */ = {
			isa = PBXGroup;
			children = (
				AF1E75AA2DB8FFD900854A39 /* RegistrationView */,
				AF1E75A92DB8FFD100854A39 /* LoginView */,
				AF50BCAE2DB8106100512A01 /* Introduction */,
			);
			path = Views;
			sourceTree = "<group>";
		};
		AF50BCA92DB80DEB00512A01 /* Models */ = {
			isa = PBXGroup;
			children = (
				AF50BCAC2DB80E3500512A01 /* UserModel.swift */,
			);
			path = Models;
			sourceTree = "<group>";
		};
		AF50BCAE2DB8106100512A01 /* Introduction */ = {
			isa = PBXGroup;
			children = (
				AF50BCAF2DB8106D00512A01 /* Introduction.swift */,
			);
			path = Introduction;
			sourceTree = "<group>";
		};
		AF50BCB12DB8119A00512A01 /* ReusableComponents */ = {
			isa = PBXGroup;
			children = (
				AF50BCB22DB811C700512A01 /* LoginRegistrationButton.swift */,
				AF1E75B02DB906DD00854A39 /* TextField.swift */,
				AF323EFE2DB9458D003BD191 /* Delimiter.swift */,
			);
			path = ReusableComponents;
			sourceTree = "<group>";
		};
/* End PBXGroup section */

/* Begin PBXNativeTarget section */
		AF50BC8C2DB8050200512A01 /* Habify */ = {
			isa = PBXNativeTarget;
			buildConfigurationList = AF50BCA42DB8050500512A01 /* Build configuration list for PBXNativeTarget "Habify" */;
			buildPhases = (
				AF50BC892DB8050200512A01 /* Sources */,
				AF50BC8A2DB8050200512A01 /* Frameworks */,
				AF50BC8B2DB8050200512A01 /* Resources */,
			);
			buildRules = (
			);
			dependencies = (
			);
			name = Habify;
			packageProductDependencies = (
				AF70FAD92DBA104900D91D0E /* FirebaseAnalytics */,
				AF70FADB2DBA104900D91D0E /* FirebaseAnalyticsSwift */,
			);
			productName = Habify;
			productReference = AF50BC8D2DB8050200512A01 /* Habify.app */;
			productType = "com.apple.product-type.application";
		};
/* End PBXNativeTarget section */

/* Begin PBXProject section */
		AF50BC852DB8050200512A01 /* Project object */ = {
			isa = PBXProject;
			attributes = {
				BuildIndependentTargetsInParallel = 1;
				LastSwiftUpdateCheck = 1420;
				LastUpgradeCheck = 1420;
				TargetAttributes = {
					AF50BC8C2DB8050200512A01 = {
						CreatedOnToolsVersion = 14.2;
					};
				};
			};
			buildConfigurationList = AF50BC882DB8050200512A01 /* Build configuration list for PBXProject "Habify" */;
			compatibilityVersion = "Xcode 14.0";
			developmentRegion = en;
			hasScannedForEncodings = 0;
			knownRegions = (
				en,
				Base,
			);
			mainGroup = AF50BC842DB8050200512A01;
			packageReferences = (
				AF70FAD82DBA104900D91D0E /* XCRemoteSwiftPackageReference "firebase-ios-sdk" */,
			);
			productRefGroup = AF50BC8E2DB8050200512A01 /* Products */;
			projectDirPath = "";
			projectRoot = "";
			targets = (
				AF50BC8C2DB8050200512A01 /* Habify */,
			);
		};
/* End PBXProject section */

/* Begin PBXResourcesBuildPhase section */
		AF50BC8B2DB8050200512A01 /* Resources */ = {
			isa = PBXResourcesBuildPhase;
			buildActionMask = 2147483647;
			files = (
				AF50BCA02DB8050500512A01 /* LaunchScreen.storyboard in Resources */,
				AF50BC9D2DB8050500512A01 /* Assets.xcassets in Resources */,
				AF70FAD72DBA0F1D00D91D0E /* GoogleService-Info.plist in Resources */,
			);
			runOnlyForDeploymentPostprocessing = 0;
		};
/* End PBXResourcesBuildPhase section */

/* Begin PBXSourcesBuildPhase section */
		AF50BC892DB8050200512A01 /* Sources */ = {
			isa = PBXSourcesBuildPhase;
			buildActionMask = 2147483647;
			files = (
				AF50BCB32DB811C700512A01 /* LoginRegistrationButton.swift in Sources */,
				AF1E75B12DB906DD00854A39 /* TextField.swift in Sources */,
				AF50BC952DB8050200512A01 /* ViewController.swift in Sources */,
				AF50BC912DB8050200512A01 /* AppDelegate.swift in Sources */,
				AF323EFD2DB93B67003BD191 /* CreateAccount.swift in Sources */,
				AF1E75AC2DB901EC00854A39 /* LoginView.swift in Sources */,
				AF323EFB2DB91B91003BD191 /* NetworkServiceProvider.swift in Sources */,
				AF50BC9B2DB8050200512A01 /* Habify.xcdatamodeld in Sources */,
				AF1E75AF2DB904FD00854A39 /* Constants.swift in Sources */,
				AF50BC932DB8050200512A01 /* SceneDelegate.swift in Sources */,
				AF50BCAD2DB80E3500512A01 /* UserModel.swift in Sources */,
				AF323EFF2DB9458D003BD191 /* Delimiter.swift in Sources */,
				AF50BCB02DB8106E00512A01 /* Introduction.swift in Sources */,
				AF50BCAB2DB80E0200512A01 /* Presenter.swift in Sources */,
			);
			runOnlyForDeploymentPostprocessing = 0;
		};
/* End PBXSourcesBuildPhase section */

/* Begin PBXVariantGroup section */
		AF50BC9E2DB8050500512A01 /* LaunchScreen.storyboard */ = {
			isa = PBXVariantGroup;
			children = (
				AF50BC9F2DB8050500512A01 /* Base */,
			);
			name = LaunchScreen.storyboard;
			sourceTree = "<group>";
		};
/* End PBXVariantGroup section */

/* Begin XCBuildConfiguration section */
		AF50BCA22DB8050500512A01 /* Debug */ = {
			isa = XCBuildConfiguration;
			buildSettings = {
				ALWAYS_SEARCH_USER_PATHS = NO;
				CLANG_ANALYZER_NONNULL = YES;
				CLANG_ANALYZER_NUMBER_OBJECT_CONVERSION = YES_AGGRESSIVE;
				CLANG_CXX_LANGUAGE_STANDARD = "gnu++20";
				CLANG_ENABLE_MODULES = YES;
				CLANG_ENABLE_OBJC_ARC = YES;
				CLANG_ENABLE_OBJC_WEAK = YES;
				CLANG_WARN_BLOCK_CAPTURE_AUTORELEASING = YES;
				CLANG_WARN_BOOL_CONVERSION = YES;
				CLANG_WARN_COMMA = YES;
				CLANG_WARN_CONSTANT_CONVERSION = YES;
				CLANG_WARN_DEPRECATED_OBJC_IMPLEMENTATIONS = YES;
				CLANG_WARN_DIRECT_OBJC_ISA_USAGE = YES_ERROR;
				CLANG_WARN_DOCUMENTATION_COMMENTS = YES;
				CLANG_WARN_EMPTY_BODY = YES;
				CLANG_WARN_ENUM_CONVERSION = YES;
				CLANG_WARN_INFINITE_RECURSION = YES;
				CLANG_WARN_INT_CONVERSION = YES;
				CLANG_WARN_NON_LITERAL_NULL_CONVERSION = YES;
				CLANG_WARN_OBJC_IMPLICIT_RETAIN_SELF = YES;
				CLANG_WARN_OBJC_LITERAL_CONVERSION = YES;
				CLANG_WARN_OBJC_ROOT_CLASS = YES_ERROR;
				CLANG_WARN_QUOTED_INCLUDE_IN_FRAMEWORK_HEADER = YES;
				CLANG_WARN_RANGE_LOOP_ANALYSIS = YES;
				CLANG_WARN_STRICT_PROTOTYPES = YES;
				CLANG_WARN_SUSPICIOUS_MOVE = YES;
				CLANG_WARN_UNGUARDED_AVAILABILITY = YES_AGGRESSIVE;
				CLANG_WARN_UNREACHABLE_CODE = YES;
				CLANG_WARN__DUPLICATE_METHOD_MATCH = YES;
				COPY_PHASE_STRIP = NO;
				DEBUG_INFORMATION_FORMAT = dwarf;
				ENABLE_STRICT_OBJC_MSGSEND = YES;
				ENABLE_TESTABILITY = YES;
				GCC_C_LANGUAGE_STANDARD = gnu11;
				GCC_DYNAMIC_NO_PIC = NO;
				GCC_NO_COMMON_BLOCKS = YES;
				GCC_OPTIMIZATION_LEVEL = 0;
				GCC_PREPROCESSOR_DEFINITIONS = (
					"DEBUG=1",
					"$(inherited)",
				);
				GCC_WARN_64_TO_32_BIT_CONVERSION = YES;
				GCC_WARN_ABOUT_RETURN_TYPE = YES_ERROR;
				GCC_WARN_UNDECLARED_SELECTOR = YES;
				GCC_WARN_UNINITIALIZED_AUTOS = YES_AGGRESSIVE;
				GCC_WARN_UNUSED_FUNCTION = YES;
				GCC_WARN_UNUSED_VARIABLE = YES;
				IPHONEOS_DEPLOYMENT_TARGET = 16.2;
				MTL_ENABLE_DEBUG_INFO = INCLUDE_SOURCE;
				MTL_FAST_MATH = YES;
				ONLY_ACTIVE_ARCH = YES;
				SDKROOT = iphoneos;
				SWIFT_ACTIVE_COMPILATION_CONDITIONS = DEBUG;
				SWIFT_OPTIMIZATION_LEVEL = "-Onone";
			};
			name = Debug;
		};
		AF50BCA32DB8050500512A01 /* Release */ = {
			isa = XCBuildConfiguration;
			buildSettings = {
				ALWAYS_SEARCH_USER_PATHS = NO;
				CLANG_ANALYZER_NONNULL = YES;
				CLANG_ANALYZER_NUMBER_OBJECT_CONVERSION = YES_AGGRESSIVE;
				CLANG_CXX_LANGUAGE_STANDARD = "gnu++20";
				CLANG_ENABLE_MODULES = YES;
				CLANG_ENABLE_OBJC_ARC = YES;
				CLANG_ENABLE_OBJC_WEAK = YES;
				CLANG_WARN_BLOCK_CAPTURE_AUTORELEASING = YES;
				CLANG_WARN_BOOL_CONVERSION = YES;
				CLANG_WARN_COMMA = YES;
				CLANG_WARN_CONSTANT_CONVERSION = YES;
				CLANG_WARN_DEPRECATED_OBJC_IMPLEMENTATIONS = YES;
				CLANG_WARN_DIRECT_OBJC_ISA_USAGE = YES_ERROR;
				CLANG_WARN_DOCUMENTATION_COMMENTS = YES;
				CLANG_WARN_EMPTY_BODY = YES;
				CLANG_WARN_ENUM_CONVERSION = YES;
				CLANG_WARN_INFINITE_RECURSION = YES;
				CLANG_WARN_INT_CONVERSION = YES;
				CLANG_WARN_NON_LITERAL_NULL_CONVERSION = YES;
				CLANG_WARN_OBJC_IMPLICIT_RETAIN_SELF = YES;
				CLANG_WARN_OBJC_LITERAL_CONVERSION = YES;
				CLANG_WARN_OBJC_ROOT_CLASS = YES_ERROR;
				CLANG_WARN_QUOTED_INCLUDE_IN_FRAMEWORK_HEADER = YES;
				CLANG_WARN_RANGE_LOOP_ANALYSIS = YES;
				CLANG_WARN_STRICT_PROTOTYPES = YES;
				CLANG_WARN_SUSPICIOUS_MOVE = YES;
				CLANG_WARN_UNGUARDED_AVAILABILITY = YES_AGGRESSIVE;
				CLANG_WARN_UNREACHABLE_CODE = YES;
				CLANG_WARN__DUPLICATE_METHOD_MATCH = YES;
				COPY_PHASE_STRIP = NO;
				DEBUG_INFORMATION_FORMAT = "dwarf-with-dsym";
				ENABLE_NS_ASSERTIONS = NO;
				ENABLE_STRICT_OBJC_MSGSEND = YES;
				GCC_C_LANGUAGE_STANDARD = gnu11;
				GCC_NO_COMMON_BLOCKS = YES;
				GCC_WARN_64_TO_32_BIT_CONVERSION = YES;
				GCC_WARN_ABOUT_RETURN_TYPE = YES_ERROR;
				GCC_WARN_UNDECLARED_SELECTOR = YES;
				GCC_WARN_UNINITIALIZED_AUTOS = YES_AGGRESSIVE;
				GCC_WARN_UNUSED_FUNCTION = YES;
				GCC_WARN_UNUSED_VARIABLE = YES;
				IPHONEOS_DEPLOYMENT_TARGET = 16.2;
				MTL_ENABLE_DEBUG_INFO = NO;
				MTL_FAST_MATH = YES;
				SDKROOT = iphoneos;
				SWIFT_COMPILATION_MODE = wholemodule;
				SWIFT_OPTIMIZATION_LEVEL = "-O";
				VALIDATE_PRODUCT = YES;
			};
			name = Release;
		};
		AF50BCA52DB8050500512A01 /* Debug */ = {
			isa = XCBuildConfiguration;
			buildSettings = {
				ASSETCATALOG_COMPILER_APPICON_NAME = AppIcon;
				ASSETCATALOG_COMPILER_GLOBAL_ACCENT_COLOR_NAME = AccentColor;
				CODE_SIGN_STYLE = Automatic;
				CURRENT_PROJECT_VERSION = 1;
				DEVELOPMENT_TEAM = FF694563Z9;
				GENERATE_INFOPLIST_FILE = YES;
				INFOPLIST_FILE = Habify/Info.plist;
				INFOPLIST_KEY_UIApplicationSupportsIndirectInputEvents = YES;
				INFOPLIST_KEY_UILaunchStoryboardName = LaunchScreen;
				INFOPLIST_KEY_UISupportedInterfaceOrientations_iPad = "UIInterfaceOrientationPortrait UIInterfaceOrientationPortraitUpsideDown UIInterfaceOrientationLandscapeLeft UIInterfaceOrientationLandscapeRight";
				INFOPLIST_KEY_UISupportedInterfaceOrientations_iPhone = "UIInterfaceOrientationPortrait UIInterfaceOrientationLandscapeLeft UIInterfaceOrientationLandscapeRight";
				LD_RUNPATH_SEARCH_PATHS = (
					"$(inherited)",
					"@executable_path/Frameworks",
				);
				MARKETING_VERSION = 1.0;
				PRODUCT_BUNDLE_IDENTIFIER = Alexandr.Habify;
				PRODUCT_NAME = "$(TARGET_NAME)";
				SWIFT_EMIT_LOC_STRINGS = YES;
				SWIFT_VERSION = 5.0;
				TARGETED_DEVICE_FAMILY = "1,2";
			};
			name = Debug;
		};
		AF50BCA62DB8050500512A01 /* Release */ = {
			isa = XCBuildConfiguration;
			buildSettings = {
				ASSETCATALOG_COMPILER_APPICON_NAME = AppIcon;
				ASSETCATALOG_COMPILER_GLOBAL_ACCENT_COLOR_NAME = AccentColor;
				CODE_SIGN_STYLE = Automatic;
				CURRENT_PROJECT_VERSION = 1;
				DEVELOPMENT_TEAM = FF694563Z9;
				GENERATE_INFOPLIST_FILE = YES;
				INFOPLIST_FILE = Habify/Info.plist;
				INFOPLIST_KEY_UIApplicationSupportsIndirectInputEvents = YES;
				INFOPLIST_KEY_UILaunchStoryboardName = LaunchScreen;
				INFOPLIST_KEY_UISupportedInterfaceOrientations_iPad = "UIInterfaceOrientationPortrait UIInterfaceOrientationPortraitUpsideDown UIInterfaceOrientationLandscapeLeft UIInterfaceOrientationLandscapeRight";
				INFOPLIST_KEY_UISupportedInterfaceOrientations_iPhone = "UIInterfaceOrientationPortrait UIInterfaceOrientationLandscapeLeft UIInterfaceOrientationLandscapeRight";
				LD_RUNPATH_SEARCH_PATHS = (
					"$(inherited)",
					"@executable_path/Frameworks",
				);
				MARKETING_VERSION = 1.0;
				PRODUCT_BUNDLE_IDENTIFIER = Alexandr.Habify;
				PRODUCT_NAME = "$(TARGET_NAME)";
				SWIFT_EMIT_LOC_STRINGS = YES;
				SWIFT_VERSION = 5.0;
				TARGETED_DEVICE_FAMILY = "1,2";
			};
			name = Release;
		};
/* End XCBuildConfiguration section */

/* Begin XCConfigurationList section */
		AF50BC882DB8050200512A01 /* Build configuration list for PBXProject "Habify" */ = {
			isa = XCConfigurationList;
			buildConfigurations = (
				AF50BCA22DB8050500512A01 /* Debug */,
				AF50BCA32DB8050500512A01 /* Release */,
			);
			defaultConfigurationIsVisible = 0;
			defaultConfigurationName = Release;
		};
		AF50BCA42DB8050500512A01 /* Build configuration list for PBXNativeTarget "Habify" */ = {
			isa = XCConfigurationList;
			buildConfigurations = (
				AF50BCA52DB8050500512A01 /* Debug */,
				AF50BCA62DB8050500512A01 /* Release */,
			);
			defaultConfigurationIsVisible = 0;
			defaultConfigurationName = Release;
		};
/* End XCConfigurationList section */

/* Begin XCRemoteSwiftPackageReference section */
		AF70FAD82DBA104900D91D0E /* XCRemoteSwiftPackageReference "firebase-ios-sdk" */ = {
			isa = XCRemoteSwiftPackageReference;
			repositoryURL = "https://github.com/firebase/firebase-ios-sdk";
			requirement = {
				kind = upToNextMajorVersion;
				minimumVersion = 9.0.0;
			};
		};
/* End XCRemoteSwiftPackageReference section */

/* Begin XCSwiftPackageProductDependency section */
		AF70FAD92DBA104900D91D0E /* FirebaseAnalytics */ = {
			isa = XCSwiftPackageProductDependency;
			package = AF70FAD82DBA104900D91D0E /* XCRemoteSwiftPackageReference "firebase-ios-sdk" */;
			productName = FirebaseAnalytics;
		};
		AF70FADB2DBA104900D91D0E /* FirebaseAnalyticsSwift */ = {
			isa = XCSwiftPackageProductDependency;
			package = AF70FAD82DBA104900D91D0E /* XCRemoteSwiftPackageReference "firebase-ios-sdk" */;
			productName = FirebaseAnalyticsSwift;
		};
/* End XCSwiftPackageProductDependency section */

/* Begin XCVersionGroup section */
		AF50BC992DB8050200512A01 /* Habify.xcdatamodeld */ = {
			isa = XCVersionGroup;
			children = (
				AF50BC9A2DB8050200512A01 /* Habify.xcdatamodel */,
			);
			currentVersion = AF50BC9A2DB8050200512A01 /* Habify.xcdatamodel */;
			path = Habify.xcdatamodeld;
			sourceTree = "<group>";
			versionGroupType = wrapper.xcdatamodel;
		};
/* End XCVersionGroup section */
	};
	rootObject = AF50BC852DB8050200512A01 /* Project object */;
}
